
Microsoft Visual Studio Solution File, Format Version 12.00
# Visual Studio Version 16
VisualStudioVersion = 16.0.29102.190
MinimumVisualStudioVersion = 10.0.40219.1
Project("{FAE04EC0-301F-11D3-BF4B-00C04F79EFBC}") = "IPT_WebAPI", "IPT_WebAPI\IPT_WebAPI.csproj", "{3931481A-E351-42A5-ACD8-6C9BF576F401}"
EndProject
Project("{FAE04EC0-301F-11D3-BF4B-00C04F79EFBC}") = "WebConsumer", "IPT_API_WebConsumer\WebConsumer.csproj", "{9FA87A2A-13A8-41A7-965D-0DC7FE53999D}"
EndProject
Global
	GlobalSection(SolutionConfigurationPlatforms) = preSolution
		Debug|Any CPU = Debug|Any CPU
		Release|Any CPU = Release|Any CPU
	EndGlobalSection
	GlobalSection(ProjectConfigurationPlatforms) = postSolution
		{3931481A-E351-42A5-ACD8-6C9BF576F401}.Debug|Any CPU.ActiveCfg = Debug|Any CPU
		{3931481A-E351-42A5-ACD8-6C9BF576F401}.Debug|Any CPU.Build.0 = Debug|Any CPU
		{3931481A-E351-42A5-ACD8-6C9BF576F401}.Release|Any CPU.ActiveCfg = Release|Any CPU
		{3931481A-E351-42A5-ACD8-6C9BF576F401}.Release|Any CPU.Build.0 = Release|Any CPU
		{9FA87A2A-13A8-41A7-965D-0DC7FE53999D}.Debug|Any CPU.ActiveCfg = Debug|Any CPU
		{9FA87A2A-13A8-41A7-965D-0DC7FE53999D}.Debug|Any CPU.Build.0 = Debug|Any CPU
		{9FA87A2A-13A8-41A7-965D-0DC7FE53999D}.Release|Any CPU.ActiveCfg = Release|Any CPU
		{9FA87A2A-13A8-41A7-965D-0DC7FE53999D}.Release|Any CPU.Build.0 = Release|Any CPU
	EndGlobalSection
	GlobalSection(SolutionProperties) = preSolution
		HideSolutionNode = FALSE
	EndGlobalSection
	GlobalSection(ExtensibilityGlobals) = postSolution
		SolutionGuid = {87DCD3D1-2EA0-46F2-845B-C466D7BFC926}
	EndGlobalSection
EndGlobal
